
Microsoft Visual Studio Solution File, Format Version 12.00
Project("{FAE04EC0-301F-11D3-BF4B-00C04F79EFBC}") = "Cafeteria21Abril", "Cafeteria21Abril\Cafeteria21Abril.csproj", "{A3FCABEF-24C1-4538-AD3D-AA9A33916BBE}"
EndProject
Global
	GlobalSection(SolutionConfigurationPlatforms) = preSolution
		Debug|Any CPU = Debug|Any CPU
		Release|Any CPU = Release|Any CPU
	EndGlobalSection
	GlobalSection(ProjectConfigurationPlatforms) = postSolution
		{A3FCABEF-24C1-4538-AD3D-AA9A33916BBE}.Debug|Any CPU.ActiveCfg = Debug|Any CPU
		{A3FCABEF-24C1-4538-AD3D-AA9A33916BBE}.Debug|Any CPU.Build.0 = Debug|Any CPU
		{A3FCABEF-24C1-4538-AD3D-AA9A33916BBE}.Release|Any CPU.ActiveCfg = Release|Any CPU
		{A3FCABEF-24C1-4538-AD3D-AA9A33916BBE}.Release|Any CPU.Build.0 = Release|Any CPU
	EndGlobalSection
EndGlobal
